{
  "version": 4,
  "terraform_version": "1.12.2",
  "serial": 69,
  "lineage": "0aee5804-b6dd-1476-50d6-a4122558821f",
  "outputs": {
    "access_instructions": {
      "value": "    \n===========================================\nGitOps Duel - Access Instructions\n===========================================\n    \n1. ArgoCD UI:\n   kubectl port-forward svc/argocd-server -n argocd 8080:80\n   Then open: http://localhost:8080\n   Login: admin / (get password with: kubectl -n argocd get secret argocd-initial-admin-secret -o jsonpath=\"{.data.password}\" | base64 -d)\n    \n2. Check Flux status:\n   flux get all -A\n    \n3. UI Dashboard (if deployed):\n   kubectl port-forward service/ui-frontend 8082:80 -n default\n   Then open: http://localhost:8082\n    \n4. Monitor applications:\n   kubectl get applications -n argocd\n   kubectl get kustomizations -n flux-system\n    \n===========================================\n",
      "type": "string"
    },
    "argocd_namespace": {
      "value": "argocd",
      "type": "string"
    },
    "flux_namespace": {
      "value": "flux-system",
      "type": "string"
    },
    "git_repository_url": {
      "value": "https://github.com/justrunme/gitops-duel-argocd-vs-flux.git",
      "type": "string"
    }
  },
  "resources": [
    {
      "module": "module.argocd",
      "mode": "managed",
      "type": "helm_release",
      "name": "argocd",
      "provider": "provider[\"registry.terraform.io/hashicorp/helm\"]",
      "instances": [
        {
          "schema_version": 2,
          "attributes": {
            "atomic": false,
            "chart": "argo-cd",
            "cleanup_on_fail": false,
            "create_namespace": false,
            "dependency_update": false,
            "description": null,
            "devel": null,
            "disable_crd_hooks": false,
            "disable_openapi_validation": false,
            "disable_webhooks": false,
            "force_update": false,
            "id": "argocd",
            "keyring": null,
            "lint": false,
            "manifest": null,
            "max_history": 0,
            "metadata": {
              "app_version": "v2.9.3",
              "chart": "argo-cd",
              "first_deployed": 1751626668,
              "last_deployed": 1751626668,
              "name": "argocd",
              "namespace": "argocd",
              "notes": "\n\nIn order to access the server UI you have the following options:\n\n1. kubectl port-forward service/argocd-server -n argocd 8080:443\n\n    and then open the browser on http://localhost:8080 and accept the certificate\n\n2. enable ingress in the values file `server.ingress.enabled` and either\n      - Add the annotation for ssl passthrough: https://argo-cd.readthedocs.io/en/stable/operator-manual/ingress/#option-1-ssl-passthrough\n      - Set the `configs.params.\"server.insecure\"` in the values file and terminate SSL at your ingress: https://argo-cd.readthedocs.io/en/stable/operator-manual/ingress/#option-2-multiple-ingress-objects-and-hosts\n\n\nAfter reaching the UI the first time you can login with username: admin and the random password generated during the installation. You can find the password by running:\n\nkubectl -n argocd get secret argocd-initial-admin-secret -o jsonpath=\"{.data.password}\" | base64 -d\n\n(You should delete the initial secret afterwards as suggested by the Getting Started Guide: https://argo-cd.readthedocs.io/en/stable/getting_started/#4-login-using-the-cli)\n",
              "revision": 1,
              "values": "{\"crds\":{\"install\":true}}",
              "version": "5.51.6"
            },
            "name": "argocd",
            "namespace": "argocd",
            "pass_credentials": false,
            "postrender": null,
            "recreate_pods": false,
            "render_subchart_notes": true,
            "replace": false,
            "repository": "https://argoproj.github.io/argo-helm",
            "repository_ca_file": null,
            "repository_cert_file": null,
            "repository_key_file": null,
            "repository_password": null,
            "repository_username": null,
            "reset_values": false,
            "reuse_values": false,
            "set": null,
            "set_list": null,
            "set_sensitive": null,
            "set_wo": null,
            "set_wo_revision": null,
            "skip_crds": false,
            "status": "deployed",
            "timeout": 300,
            "values": [
              "\"crds\":\n  \"install\": true\n"
            ],
            "verify": false,
            "version": "5.51.6",
            "wait": true,
            "wait_for_jobs": false
          },
          "sensitive_attributes": [
            [
              {
                "type": "get_attr",
                "value": "repository_password"
              }
            ]
          ],
          "identity_schema_version": 0,
          "identity": {
            "namespace": "argocd",
            "release_name": "argocd"
          },
          "dependencies": [
            "module.argocd.kubernetes_namespace.argocd"
          ]
        }
      ]
    },
    {
      "module": "module.argocd",
      "mode": "managed",
      "type": "kubernetes_manifest",
      "name": "argocd_helm_nginx_app",
      "provider": "provider[\"registry.terraform.io/hashicorp/kubernetes\"]",
      "instances": [
        {
          "schema_version": 1,
          "attributes": {
            "computed_fields": null,
            "field_manager": [],
            "manifest": {
              "value": {
                "apiVersion": "argoproj.io/v1alpha1",
                "kind": "Application",
                "metadata": {
                  "name": "helm-nginx-app",
                  "namespace": "argocd"
                },
                "spec": {
                  "destination": {
                    "namespace": "default",
                    "server": "https://kubernetes.default.svc"
                  },
                  "project": "default",
                  "source": {
                    "helm": {
                      "values": "name: helm-nginx-app\nreplicaCount: 2\n"
                    },
                    "path": "apps/argocd/helm-nginx/nginx",
                    "repoURL": "https://github.com/justrunme/gitops-duel-argocd-vs-flux.git",
                    "targetRevision": "main"
                  }
                }
              },
              "type": [
                "object",
                {
                  "apiVersion": "string",
                  "kind": "string",
                  "metadata": [
                    "object",
                    {
                      "name": "string",
                      "namespace": "string"
                    }
                  ],
                  "spec": [
                    "object",
                    {
                      "destination": [
                        "object",
                        {
                          "namespace": "string",
                          "server": "string"
                        }
                      ],
                      "project": "string",
                      "source": [
                        "object",
                        {
                          "helm": [
                            "object",
                            {
                              "values": "string"
                            }
                          ],
                          "path": "string",
                          "repoURL": "string",
                          "targetRevision": "string"
                        }
                      ]
                    }
                  ]
                }
              ]
            },
            "object": {
              "value": {
                "apiVersion": "argoproj.io/v1alpha1",
                "kind": "Application",
                "metadata": {
                  "annotations": null,
                  "creationTimestamp": null,
                  "deletionGracePeriodSeconds": null,
                  "deletionTimestamp": null,
                  "finalizers": null,
                  "generateName": null,
                  "generation": null,
                  "labels": null,
                  "managedFields": null,
                  "name": "helm-nginx-app",
                  "namespace": "argocd",
                  "ownerReferences": null,
                  "resourceVersion": null,
                  "selfLink": null,
                  "uid": null
                },
                "operation": {
                  "info": null,
                  "initiatedBy": {
                    "automated": null,
                    "username": null
                  },
                  "retry": {
                    "backoff": {
                      "duration": null,
                      "factor": null,
                      "maxDuration": null
                    },
                    "limit": null
                  },
                  "sync": {
                    "dryRun": null,
                    "manifests": null,
                    "prune": null,
                    "resources": null,
                    "revision": null,
                    "revisions": null,
                    "source": {
                      "chart": null,
                      "directory": {
                        "exclude": null,
                        "include": null,
                        "jsonnet": {
                          "extVars": null,
                          "libs": null,
                          "tlas": null
                        },
                        "recurse": null
                      },
                      "helm": {
                        "fileParameters": null,
                        "ignoreMissingValueFiles": null,
                        "parameters": null,
                        "passCredentials": null,
                        "releaseName": null,
                        "skipCrds": null,
                        "valueFiles": null,
                        "values": null,
                        "valuesObject": null,
                        "version": null
                      },
                      "kustomize": {
                        "commonAnnotations": null,
                        "commonAnnotationsEnvsubst": null,
                        "commonLabels": null,
                        "forceCommonAnnotations": null,
                        "forceCommonLabels": null,
                        "images": null,
                        "namePrefix": null,
                        "nameSuffix": null,
                        "namespace": null,
                        "patches": null,
                        "replicas": null,
                        "version": null
                      },
                      "path": null,
                      "plugin": {
                        "env": null,
                        "name": null,
                        "parameters": null
                      },
                      "ref": null,
                      "repoURL": null,
                      "targetRevision": null
                    },
                    "sources": null,
                    "syncOptions": null,
                    "syncStrategy": {
                      "apply": {
                        "force": null
                      },
                      "hook": {
                        "force": null
                      }
                    }
                  }
                },
                "spec": {
                  "destination": {
                    "name": null,
                    "namespace": "default",
                    "server": "https://kubernetes.default.svc"
                  },
                  "ignoreDifferences": null,
                  "info": null,
                  "project": "default",
                  "revisionHistoryLimit": null,
                  "source": {
                    "chart": null,
                    "directory": {
                      "exclude": null,
                      "include": null,
                      "jsonnet": {
                        "extVars": null,
                        "libs": null,
                        "tlas": null
                      },
                      "recurse": null
                    },
                    "helm": {
                      "fileParameters": null,
                      "ignoreMissingValueFiles": null,
                      "parameters": null,
                      "passCredentials": null,
                      "releaseName": null,
                      "skipCrds": null,
                      "valueFiles": null,
                      "values": "name: helm-nginx-app\nreplicaCount: 2\n",
                      "valuesObject": null,
                      "version": null
                    },
                    "kustomize": {
                      "commonAnnotations": null,
                      "commonAnnotationsEnvsubst": null,
                      "commonLabels": null,
                      "forceCommonAnnotations": null,
                      "forceCommonLabels": null,
                      "images": null,
                      "namePrefix": null,
                      "nameSuffix": null,
                      "namespace": null,
                      "patches": null,
                      "replicas": null,
                      "version": null
                    },
                    "path": "apps/argocd/helm-nginx/nginx",
                    "plugin": {
                      "env": null,
                      "name": null,
                      "parameters": null
                    },
                    "ref": null,
                    "repoURL": "https://github.com/justrunme/gitops-duel-argocd-vs-flux.git",
                    "targetRevision": "main"
                  },
                  "sources": null,
                  "syncPolicy": {
                    "automated": {
                      "allowEmpty": null,
                      "prune": null,
                      "selfHeal": null
                    },
                    "managedNamespaceMetadata": {
                      "annotations": null,
                      "labels": null
                    },
                    "retry": {
                      "backoff": {
                        "duration": null,
                        "factor": null,
                        "maxDuration": null
                      },
                      "limit": null
                    },
                    "syncOptions": null
                  }
                }
              },
              "type": [
                "object",
                {
                  "apiVersion": "string",
                  "kind": "string",
                  "metadata": [
                    "object",
                    {
                      "annotations": [
                        "map",
                        "string"
                      ],
                      "creationTimestamp": "string",
                      "deletionGracePeriodSeconds": "number",
                      "deletionTimestamp": "string",
                      "finalizers": [
                        "list",
                        "string"
                      ],
                      "generateName": "string",
                      "generation": "number",
                      "labels": [
                        "map",
                        "string"
                      ],
                      "managedFields": [
                        "tuple",
                        [
                          [
                            "object",
                            {
                              "apiVersion": "string",
                              "fieldsType": "string",
                              "fieldsV1": "dynamic",
                              "manager": "string",
                              "operation": "string",
                              "subresource": "string",
                              "time": "string"
                            }
                          ]
                        ]
                      ],
                      "name": "string",
                      "namespace": "string",
                      "ownerReferences": [
                        "list",
                        [
                          "object",
                          {
                            "apiVersion": "string",
                            "blockOwnerDeletion": "bool",
                            "controller": "bool",
                            "kind": "string",
                            "name": "string",
                            "uid": "string"
                          }
                        ]
                      ],
                      "resourceVersion": "string",
                      "selfLink": "string",
                      "uid": "string"
                    }
                  ],
                  "operation": [
                    "object",
                    {
                      "info": [
                        "list",
                        [
                          "object",
                          {
                            "name": "string",
                            "value": "string"
                          }
                        ]
                      ],
                      "initiatedBy": [
                        "object",
                        {
                          "automated": "bool",
                          "username": "string"
                        }
                      ],
                      "retry": [
                        "object",
                        {
                          "backoff": [
                            "object",
                            {
                              "duration": "string",
                              "factor": "number",
                              "maxDuration": "string"
                            }
                          ],
                          "limit": "number"
                        }
                      ],
                      "sync": [
                        "object",
                        {
                          "dryRun": "bool",
                          "manifests": [
                            "list",
                            "string"
                          ],
                          "prune": "bool",
                          "resources": [
                            "list",
                            [
                              "object",
                              {
                                "group": "string",
                                "kind": "string",
                                "name": "string",
                                "namespace": "string"
                              }
                            ]
                          ],
                          "revision": "string",
                          "revisions": [
                            "list",
                            "string"
                          ],
                          "source": [
                            "object",
                            {
                              "chart": "string",
                              "directory": [
                                "object",
                                {
                                  "exclude": "string",
                                  "include": "string",
                                  "jsonnet": [
                                    "object",
                                    {
                                      "extVars": [
                                        "list",
                                        [
                                          "object",
                                          {
                                            "code": "bool",
                                            "name": "string",
                                            "value": "string"
                                          }
                                        ]
                                      ],
                                      "libs": [
                                        "list",
                                        "string"
                                      ],
                                      "tlas": [
                                        "list",
                                        [
                                          "object",
                                          {
                                            "code": "bool",
                                            "name": "string",
                                            "value": "string"
                                          }
                                        ]
                                      ]
                                    }
                                  ],
                                  "recurse": "bool"
                                }
                              ],
                              "helm": [
                                "object",
                                {
                                  "fileParameters": [
                                    "list",
                                    [
                                      "object",
                                      {
                                        "name": "string",
                                        "path": "string"
                                      }
                                    ]
                                  ],
                                  "ignoreMissingValueFiles": "bool",
                                  "parameters": [
                                    "list",
                                    [
                                      "object",
                                      {
                                        "forceString": "bool",
                                        "name": "string",
                                        "value": "string"
                                      }
                                    ]
                                  ],
                                  "passCredentials": "bool",
                                  "releaseName": "string",
                                  "skipCrds": "bool",
                                  "valueFiles": [
                                    "list",
                                    "string"
                                  ],
                                  "values": "string",
                                  "valuesObject": "dynamic",
                                  "version": "string"
                                }
                              ],
                              "kustomize": [
                                "object",
                                {
                                  "commonAnnotations": [
                                    "map",
                                    "string"
                                  ],
                                  "commonAnnotationsEnvsubst": "bool",
                                  "commonLabels": [
                                    "map",
                                    "string"
                                  ],
                                  "forceCommonAnnotations": "bool",
                                  "forceCommonLabels": "bool",
                                  "images": [
                                    "list",
                                    "string"
                                  ],
                                  "namePrefix": "string",
                                  "nameSuffix": "string",
                                  "namespace": "string",
                                  "patches": [
                                    "list",
                                    [
                                      "object",
                                      {
                                        "options": [
                                          "map",
                                          "bool"
                                        ],
                                        "patch": "string",
                                        "path": "string",
                                        "target": [
                                          "object",
                                          {
                                            "annotationSelector": "string",
                                            "group": "string",
                                            "kind": "string",
                                            "labelSelector": "string",
                                            "name": "string",
                                            "namespace": "string",
                                            "version": "string"
                                          }
                                        ]
                                      }
                                    ]
                                  ],
                                  "replicas": [
                                    "list",
                                    [
                                      "object",
                                      {
                                        "count": "string",
                                        "name": "string"
                                      }
                                    ]
                                  ],
                                  "version": "string"
                                }
                              ],
                              "path": "string",
                              "plugin": [
                                "object",
                                {
                                  "env": [
                                    "list",
                                    [
                                      "object",
                                      {
                                        "name": "string",
                                        "value": "string"
                                      }
                                    ]
                                  ],
                                  "name": "string",
                                  "parameters": [
                                    "list",
                                    [
                                      "object",
                                      {
                                        "array": [
                                          "list",
                                          "string"
                                        ],
                                        "map": [
                                          "map",
                                          "string"
                                        ],
                                        "name": "string",
                                        "string": "string"
                                      }
                                    ]
                                  ]
                                }
                              ],
                              "ref": "string",
                              "repoURL": "string",
                              "targetRevision": "string"
                            }
                          ],
                          "sources": [
                            "tuple",
                            [
                              [
                                "object",
                                {
                                  "chart": "string",
                                  "directory": [
                                    "object",
                                    {
                                      "exclude": "string",
                                      "include": "string",
                                      "jsonnet": [
                                        "object",
                                        {
                                          "extVars": [
                                            "list",
                                            [
                                              "object",
                                              {
                                                "code": "bool",
                                                "name": "string",
                                                "value": "string"
                                              }
                                            ]
                                          ],
                                          "libs": [
                                            "list",
                                            "string"
                                          ],
                                          "tlas": [
                                            "list",
                                            [
                                              "object",
                                              {
                                                "code": "bool",
                                                "name": "string",
                                                "value": "string"
                                              }
                                            ]
                                          ]
                                        }
                                      ],
                                      "recurse": "bool"
                                    }
                                  ],
                                  "helm": [
                                    "object",
                                    {
                                      "fileParameters": [
                                        "list",
                                        [
                                          "object",
                                          {
                                            "name": "string",
                                            "path": "string"
                                          }
                                        ]
                                      ],
                                      "ignoreMissingValueFiles": "bool",
                                      "parameters": [
                                        "list",
                                        [
                                          "object",
                                          {
                                            "forceString": "bool",
                                            "name": "string",
                                            "value": "string"
                                          }
                                        ]
                                      ],
                                      "passCredentials": "bool",
                                      "releaseName": "string",
                                      "skipCrds": "bool",
                                      "valueFiles": [
                                        "list",
                                        "string"
                                      ],
                                      "values": "string",
                                      "valuesObject": "dynamic",
                                      "version": "string"
                                    }
                                  ],
                                  "kustomize": [
                                    "object",
                                    {
                                      "commonAnnotations": [
                                        "map",
                                        "string"
                                      ],
                                      "commonAnnotationsEnvsubst": "bool",
                                      "commonLabels": [
                                        "map",
                                        "string"
                                      ],
                                      "forceCommonAnnotations": "bool",
                                      "forceCommonLabels": "bool",
                                      "images": [
                                        "list",
                                        "string"
                                      ],
                                      "namePrefix": "string",
                                      "nameSuffix": "string",
                                      "namespace": "string",
                                      "patches": [
                                        "list",
                                        [
                                          "object",
                                          {
                                            "options": [
                                              "map",
                                              "bool"
                                            ],
                                            "patch": "string",
                                            "path": "string",
                                            "target": [
                                              "object",
                                              {
                                                "annotationSelector": "string",
                                                "group": "string",
                                                "kind": "string",
                                                "labelSelector": "string",
                                                "name": "string",
                                                "namespace": "string",
                                                "version": "string"
                                              }
                                            ]
                                          }
                                        ]
                                      ],
                                      "replicas": [
                                        "list",
                                        [
                                          "object",
                                          {
                                            "count": "string",
                                            "name": "string"
                                          }
                                        ]
                                      ],
                                      "version": "string"
                                    }
                                  ],
                                  "path": "string",
                                  "plugin": [
                                    "object",
                                    {
                                      "env": [
                                        "list",
                                        [
                                          "object",
                                          {
                                            "name": "string",
                                            "value": "string"
                                          }
                                        ]
                                      ],
                                      "name": "string",
                                      "parameters": [
                                        "list",
                                        [
                                          "object",
                                          {
                                            "array": [
                                              "list",
                                              "string"
                                            ],
                                            "map": [
                                              "map",
                                              "string"
                                            ],
                                            "name": "string",
                                            "string": "string"
                                          }
                                        ]
                                      ]
                                    }
                                  ],
                                  "ref": "string",
                                  "repoURL": "string",
                                  "targetRevision": "string"
                                }
                              ]
                            ]
                          ],
                          "syncOptions": [
                            "list",
                            "string"
                          ],
                          "syncStrategy": [
                            "object",
                            {
                              "apply": [
                                "object",
                                {
                                  "force": "bool"
                                }
                              ],
                              "hook": [
                                "object",
                                {
                                  "force": "bool"
                                }
                              ]
                            }
                          ]
                        }
                      ]
                    }
                  ],
                  "spec": [
                    "object",
                    {
                      "destination": [
                        "object",
                        {
                          "name": "string",
                          "namespace": "string",
                          "server": "string"
                        }
                      ],
                      "ignoreDifferences": [
                        "list",
                        [
                          "object",
                          {
                            "group": "string",
                            "jqPathExpressions": [
                              "list",
                              "string"
                            ],
                            "jsonPointers": [
                              "list",
                              "string"
                            ],
                            "kind": "string",
                            "managedFieldsManagers": [
                              "list",
                              "string"
                            ],
                            "name": "string",
                            "namespace": "string"
                          }
                        ]
                      ],
                      "info": [
                        "list",
                        [
                          "object",
                          {
                            "name": "string",
                            "value": "string"
                          }
                        ]
                      ],
                      "project": "string",
                      "revisionHistoryLimit": "number",
                      "source": [
                        "object",
                        {
                          "chart": "string",
                          "directory": [
                            "object",
                            {
                              "exclude": "string",
                              "include": "string",
                              "jsonnet": [
                                "object",
                                {
                                  "extVars": [
                                    "list",
                                    [
                                      "object",
                                      {
                                        "code": "bool",
                                        "name": "string",
                                        "value": "string"
                                      }
                                    ]
                                  ],
                                  "libs": [
                                    "list",
                                    "string"
                                  ],
                                  "tlas": [
                                    "list",
                                    [
                                      "object",
                                      {
                                        "code": "bool",
                                        "name": "string",
                                        "value": "string"
                                      }
                                    ]
                                  ]
                                }
                              ],
                              "recurse": "bool"
                            }
                          ],
                          "helm": [
                            "object",
                            {
                              "fileParameters": [
                                "list",
                                [
                                  "object",
                                  {
                                    "name": "string",
                                    "path": "string"
                                  }
                                ]
                              ],
                              "ignoreMissingValueFiles": "bool",
                              "parameters": [
                                "list",
                                [
                                  "object",
                                  {
                                    "forceString": "bool",
                                    "name": "string",
                                    "value": "string"
                                  }
                                ]
                              ],
                              "passCredentials": "bool",
                              "releaseName": "string",
                              "skipCrds": "bool",
                              "valueFiles": [
                                "list",
                                "string"
                              ],
                              "values": "string",
                              "valuesObject": "dynamic",
                              "version": "string"
                            }
                          ],
                          "kustomize": [
                            "object",
                            {
                              "commonAnnotations": [
                                "map",
                                "string"
                              ],
                              "commonAnnotationsEnvsubst": "bool",
                              "commonLabels": [
                                "map",
                                "string"
                              ],
                              "forceCommonAnnotations": "bool",
                              "forceCommonLabels": "bool",
                              "images": [
                                "list",
                                "string"
                              ],
                              "namePrefix": "string",
                              "nameSuffix": "string",
                              "namespace": "string",
                              "patches": [
                                "list",
                                [
                                  "object",
                                  {
                                    "options": [
                                      "map",
                                      "bool"
                                    ],
                                    "patch": "string",
                                    "path": "string",
                                    "target": [
                                      "object",
                                      {
                                        "annotationSelector": "string",
                                        "group": "string",
                                        "kind": "string",
                                        "labelSelector": "string",
                                        "name": "string",
                                        "namespace": "string",
                                        "version": "string"
                                      }
                                    ]
                                  }
                                ]
                              ],
                              "replicas": [
                                "list",
                                [
                                  "object",
                                  {
                                    "count": "string",
                                    "name": "string"
                                  }
                                ]
                              ],
                              "version": "string"
                            }
                          ],
                          "path": "string",
                          "plugin": [
                            "object",
                            {
                              "env": [
                                "list",
                                [
                                  "object",
                                  {
                                    "name": "string",
                                    "value": "string"
                                  }
                                ]
                              ],
                              "name": "string",
                              "parameters": [
                                "list",
                                [
                                  "object",
                                  {
                                    "array": [
                                      "list",
                                      "string"
                                    ],
                                    "map": [
                                      "map",
                                      "string"
                                    ],
                                    "name": "string",
                                    "string": "string"
                                  }
                                ]
                              ]
                            }
                          ],
                          "ref": "string",
                          "repoURL": "string",
                          "targetRevision": "string"
                        }
                      ],
                      "sources": [
                        "tuple",
                        [
                          [
                            "object",
                            {
                              "chart": "string",
                              "directory": [
                                "object",
                                {
                                  "exclude": "string",
                                  "include": "string",
                                  "jsonnet": [
                                    "object",
                                    {
                                      "extVars": [
                                        "list",
                                        [
                                          "object",
                                          {
                                            "code": "bool",
                                            "name": "string",
                                            "value": "string"
                                          }
                                        ]
                                      ],
                                      "libs": [
                                        "list",
                                        "string"
                                      ],
                                      "tlas": [
                                        "list",
                                        [
                                          "object",
                                          {
                                            "code": "bool",
                                            "name": "string",
                                            "value": "string"
                                          }
                                        ]
                                      ]
                                    }
                                  ],
                                  "recurse": "bool"
                                }
                              ],
                              "helm": [
                                "object",
                                {
                                  "fileParameters": [
                                    "list",
                                    [
                                      "object",
                                      {
                                        "name": "string",
                                        "path": "string"
                                      }
                                    ]
                                  ],
                                  "ignoreMissingValueFiles": "bool",
                                  "parameters": [
                                    "list",
                                    [
                                      "object",
                                      {
                                        "forceString": "bool",
                                        "name": "string",
                                        "value": "string"
                                      }
                                    ]
                                  ],
                                  "passCredentials": "bool",
                                  "releaseName": "string",
                                  "skipCrds": "bool",
                                  "valueFiles": [
                                    "list",
                                    "string"
                                  ],
                                  "values": "string",
                                  "valuesObject": "dynamic",
                                  "version": "string"
                                }
                              ],
                              "kustomize": [
                                "object",
                                {
                                  "commonAnnotations": [
                                    "map",
                                    "string"
                                  ],
                                  "commonAnnotationsEnvsubst": "bool",
                                  "commonLabels": [
                                    "map",
                                    "string"
                                  ],
                                  "forceCommonAnnotations": "bool",
                                  "forceCommonLabels": "bool",
                                  "images": [
                                    "list",
                                    "string"
                                  ],
                                  "namePrefix": "string",
                                  "nameSuffix": "string",
                                  "namespace": "string",
                                  "patches": [
                                    "list",
                                    [
                                      "object",
                                      {
                                        "options": [
                                          "map",
                                          "bool"
                                        ],
                                        "patch": "string",
                                        "path": "string",
                                        "target": [
                                          "object",
                                          {
                                            "annotationSelector": "string",
                                            "group": "string",
                                            "kind": "string",
                                            "labelSelector": "string",
                                            "name": "string",
                                            "namespace": "string",
                                            "version": "string"
                                          }
                                        ]
                                      }
                                    ]
                                  ],
                                  "replicas": [
                                    "list",
                                    [
                                      "object",
                                      {
                                        "count": "string",
                                        "name": "string"
                                      }
                                    ]
                                  ],
                                  "version": "string"
                                }
                              ],
                              "path": "string",
                              "plugin": [
                                "object",
                                {
                                  "env": [
                                    "list",
                                    [
                                      "object",
                                      {
                                        "name": "string",
                                        "value": "string"
                                      }
                                    ]
                                  ],
                                  "name": "string",
                                  "parameters": [
                                    "list",
                                    [
                                      "object",
                                      {
                                        "array": [
                                          "list",
                                          "string"
                                        ],
                                        "map": [
                                          "map",
                                          "string"
                                        ],
                                        "name": "string",
                                        "string": "string"
                                      }
                                    ]
                                  ]
                                }
                              ],
                              "ref": "string",
                              "repoURL": "string",
                              "targetRevision": "string"
                            }
                          ]
                        ]
                      ],
                      "syncPolicy": [
                        "object",
                        {
                          "automated": [
                            "object",
                            {
                              "allowEmpty": "bool",
                              "prune": "bool",
                              "selfHeal": "bool"
                            }
                          ],
                          "managedNamespaceMetadata": [
                            "object",
                            {
                              "annotations": [
                                "map",
                                "string"
                              ],
                              "labels": [
                                "map",
                                "string"
                              ]
                            }
                          ],
                          "retry": [
                            "object",
                            {
                              "backoff": [
                                "object",
                                {
                                  "duration": "string",
                                  "factor": "number",
                                  "maxDuration": "string"
                                }
                              ],
                              "limit": "number"
                            }
                          ],
                          "syncOptions": [
                            "list",
                            "string"
                          ]
                        }
                      ]
                    }
                  ]
                }
              ]
            },
            "timeouts": [],
            "wait": [],
            "wait_for": null
          },
          "sensitive_attributes": [],
          "identity_schema_version": 0,
          "dependencies": [
            "module.argocd.helm_release.argocd",
            "module.argocd.kubernetes_namespace.argocd",
            "module.argocd.null_resource.argocd_crds_ready"
          ]
        }
      ]
    },
    {
      "module": "module.argocd",
      "mode": "managed",
      "type": "kubernetes_manifest",
      "name": "argocd_nginx_app",
      "provider": "provider[\"registry.terraform.io/hashicorp/kubernetes\"]",
      "instances": [
        {
          "schema_version": 1,
          "attributes": {
            "computed_fields": null,
            "field_manager": [],
            "manifest": {
              "value": {
                "apiVersion": "argoproj.io/v1alpha1",
                "kind": "Application",
                "metadata": {
                  "name": "nginx-app",
                  "namespace": "argocd"
                },
                "spec": {
                  "destination": {
                    "namespace": "default",
                    "server": "https://kubernetes.default.svc"
                  },
                  "project": "default",
                  "source": {
                    "path": "apps/argocd/nginx",
                    "repoURL": "https://github.com/justrunme/gitops-duel-argocd-vs-flux.git",
                    "targetRevision": "HEAD"
                  }
                }
              },
              "type": [
                "object",
                {
                  "apiVersion": "string",
                  "kind": "string",
                  "metadata": [
                    "object",
                    {
                      "name": "string",
                      "namespace": "string"
                    }
                  ],
                  "spec": [
                    "object",
                    {
                      "destination": [
                        "object",
                        {
                          "namespace": "string",
                          "server": "string"
                        }
                      ],
                      "project": "string",
                      "source": [
                        "object",
                        {
                          "path": "string",
                          "repoURL": "string",
                          "targetRevision": "string"
                        }
                      ]
                    }
                  ]
                }
              ]
            },
            "object": {
              "value": {
                "apiVersion": "argoproj.io/v1alpha1",
                "kind": "Application",
                "metadata": {
                  "annotations": null,
                  "creationTimestamp": null,
                  "deletionGracePeriodSeconds": null,
                  "deletionTimestamp": null,
                  "finalizers": null,
                  "generateName": null,
                  "generation": null,
                  "labels": null,
                  "managedFields": null,
                  "name": "nginx-app",
                  "namespace": "argocd",
                  "ownerReferences": null,
                  "resourceVersion": null,
                  "selfLink": null,
                  "uid": null
                },
                "operation": {
                  "info": null,
                  "initiatedBy": {
                    "automated": null,
                    "username": null
                  },
                  "retry": {
                    "backoff": {
                      "duration": null,
                      "factor": null,
                      "maxDuration": null
                    },
                    "limit": null
                  },
                  "sync": {
                    "dryRun": null,
                    "manifests": null,
                    "prune": null,
                    "resources": null,
                    "revision": null,
                    "revisions": null,
                    "source": {
                      "chart": null,
                      "directory": {
                        "exclude": null,
                        "include": null,
                        "jsonnet": {
                          "extVars": null,
                          "libs": null,
                          "tlas": null
                        },
                        "recurse": null
                      },
                      "helm": {
                        "fileParameters": null,
                        "ignoreMissingValueFiles": null,
                        "parameters": null,
                        "passCredentials": null,
                        "releaseName": null,
                        "skipCrds": null,
                        "valueFiles": null,
                        "values": null,
                        "valuesObject": null,
                        "version": null
                      },
                      "kustomize": {
                        "commonAnnotations": null,
                        "commonAnnotationsEnvsubst": null,
                        "commonLabels": null,
                        "forceCommonAnnotations": null,
                        "forceCommonLabels": null,
                        "images": null,
                        "namePrefix": null,
                        "nameSuffix": null,
                        "namespace": null,
                        "patches": null,
                        "replicas": null,
                        "version": null
                      },
                      "path": null,
                      "plugin": {
                        "env": null,
                        "name": null,
                        "parameters": null
                      },
                      "ref": null,
                      "repoURL": null,
                      "targetRevision": null
                    },
                    "sources": null,
                    "syncOptions": null,
                    "syncStrategy": {
                      "apply": {
                        "force": null
                      },
                      "hook": {
                        "force": null
                      }
                    }
                  }
                },
                "spec": {
                  "destination": {
                    "name": null,
                    "namespace": "default",
                    "server": "https://kubernetes.default.svc"
                  },
                  "ignoreDifferences": null,
                  "info": null,
                  "project": "default",
                  "revisionHistoryLimit": null,
                  "source": {
                    "chart": null,
                    "directory": {
                      "exclude": null,
                      "include": null,
                      "jsonnet": {
                        "extVars": null,
                        "libs": null,
                        "tlas": null
                      },
                      "recurse": null
                    },
                    "helm": {
                      "fileParameters": null,
                      "ignoreMissingValueFiles": null,
                      "parameters": null,
                      "passCredentials": null,
                      "releaseName": null,
                      "skipCrds": null,
                      "valueFiles": null,
                      "values": null,
                      "valuesObject": null,
                      "version": null
                    },
                    "kustomize": {
                      "commonAnnotations": null,
                      "commonAnnotationsEnvsubst": null,
                      "commonLabels": null,
                      "forceCommonAnnotations": null,
                      "forceCommonLabels": null,
                      "images": null,
                      "namePrefix": null,
                      "nameSuffix": null,
                      "namespace": null,
                      "patches": null,
                      "replicas": null,
                      "version": null
                    },
                    "path": "apps/argocd/nginx",
                    "plugin": {
                      "env": null,
                      "name": null,
                      "parameters": null
                    },
                    "ref": null,
                    "repoURL": "https://github.com/justrunme/gitops-duel-argocd-vs-flux.git",
                    "targetRevision": "HEAD"
                  },
                  "sources": null,
                  "syncPolicy": {
                    "automated": {
                      "allowEmpty": null,
                      "prune": null,
                      "selfHeal": null
                    },
                    "managedNamespaceMetadata": {
                      "annotations": null,
                      "labels": null
                    },
                    "retry": {
                      "backoff": {
                        "duration": null,
                        "factor": null,
                        "maxDuration": null
                      },
                      "limit": null
                    },
                    "syncOptions": null
                  }
                }
              },
              "type": [
                "object",
                {
                  "apiVersion": "string",
                  "kind": "string",
                  "metadata": [
                    "object",
                    {
                      "annotations": [
                        "map",
                        "string"
                      ],
                      "creationTimestamp": "string",
                      "deletionGracePeriodSeconds": "number",
                      "deletionTimestamp": "string",
                      "finalizers": [
                        "list",
                        "string"
                      ],
                      "generateName": "string",
                      "generation": "number",
                      "labels": [
                        "map",
                        "string"
                      ],
                      "managedFields": [
                        "tuple",
                        [
                          [
                            "object",
                            {
                              "apiVersion": "string",
                              "fieldsType": "string",
                              "fieldsV1": "dynamic",
                              "manager": "string",
                              "operation": "string",
                              "subresource": "string",
                              "time": "string"
                            }
                          ]
                        ]
                      ],
                      "name": "string",
                      "namespace": "string",
                      "ownerReferences": [
                        "list",
                        [
                          "object",
                          {
                            "apiVersion": "string",
                            "blockOwnerDeletion": "bool",
                            "controller": "bool",
                            "kind": "string",
                            "name": "string",
                            "uid": "string"
                          }
                        ]
                      ],
                      "resourceVersion": "string",
                      "selfLink": "string",
                      "uid": "string"
                    }
                  ],
                  "operation": [
                    "object",
                    {
                      "info": [
                        "list",
                        [
                          "object",
                          {
                            "name": "string",
                            "value": "string"
                          }
                        ]
                      ],
                      "initiatedBy": [
                        "object",
                        {
                          "automated": "bool",
                          "username": "string"
                        }
                      ],
                      "retry": [
                        "object",
                        {
                          "backoff": [
                            "object",
                            {
                              "duration": "string",
                              "factor": "number",
                              "maxDuration": "string"
                            }
                          ],
                          "limit": "number"
                        }
                      ],
                      "sync": [
                        "object",
                        {
                          "dryRun": "bool",
                          "manifests": [
                            "list",
                            "string"
                          ],
                          "prune": "bool",
                          "resources": [
                            "list",
                            [
                              "object",
                              {
                                "group": "string",
                                "kind": "string",
                                "name": "string",
                                "namespace": "string"
                              }
                            ]
                          ],
                          "revision": "string",
                          "revisions": [
                            "list",
                            "string"
                          ],
                          "source": [
                            "object",
                            {
                              "chart": "string",
                              "directory": [
                                "object",
                                {
                                  "exclude": "string",
                                  "include": "string",
                                  "jsonnet": [
                                    "object",
                                    {
                                      "extVars": [
                                        "list",
                                        [
                                          "object",
                                          {
                                            "code": "bool",
                                            "name": "string",
                                            "value": "string"
                                          }
                                        ]
                                      ],
                                      "libs": [
                                        "list",
                                        "string"
                                      ],
                                      "tlas": [
                                        "list",
                                        [
                                          "object",
                                          {
                                            "code": "bool",
                                            "name": "string",
                                            "value": "string"
                                          }
                                        ]
                                      ]
                                    }
                                  ],
                                  "recurse": "bool"
                                }
                              ],
                              "helm": [
                                "object",
                                {
                                  "fileParameters": [
                                    "list",
                                    [
                                      "object",
                                      {
                                        "name": "string",
                                        "path": "string"
                                      }
                                    ]
                                  ],
                                  "ignoreMissingValueFiles": "bool",
                                  "parameters": [
                                    "list",
                                    [
                                      "object",
                                      {
                                        "forceString": "bool",
                                        "name": "string",
                                        "value": "string"
                                      }
                                    ]
                                  ],
                                  "passCredentials": "bool",
                                  "releaseName": "string",
                                  "skipCrds": "bool",
                                  "valueFiles": [
                                    "list",
                                    "string"
                                  ],
                                  "values": "string",
                                  "valuesObject": "dynamic",
                                  "version": "string"
                                }
                              ],
                              "kustomize": [
                                "object",
                                {
                                  "commonAnnotations": [
                                    "map",
                                    "string"
                                  ],
                                  "commonAnnotationsEnvsubst": "bool",
                                  "commonLabels": [
                                    "map",
                                    "string"
                                  ],
                                  "forceCommonAnnotations": "bool",
                                  "forceCommonLabels": "bool",
                                  "images": [
                                    "list",
                                    "string"
                                  ],
                                  "namePrefix": "string",
                                  "nameSuffix": "string",
                                  "namespace": "string",
                                  "patches": [
                                    "list",
                                    [
                                      "object",
                                      {
                                        "options": [
                                          "map",
                                          "bool"
                                        ],
                                        "patch": "string",
                                        "path": "string",
                                        "target": [
                                          "object",
                                          {
                                            "annotationSelector": "string",
                                            "group": "string",
                                            "kind": "string",
                                            "labelSelector": "string",
                                            "name": "string",
                                            "namespace": "string",
                                            "version": "string"
                                          }
                                        ]
                                      }
                                    ]
                                  ],
                                  "replicas": [
                                    "list",
                                    [
                                      "object",
                                      {
                                        "count": "string",
                                        "name": "string"
                                      }
                                    ]
                                  ],
                                  "version": "string"
                                }
                              ],
                              "path": "string",
                              "plugin": [
                                "object",
                                {
                                  "env": [
                                    "list",
                                    [
                                      "object",
                                      {
                                        "name": "string",
                                        "value": "string"
                                      }
                                    ]
                                  ],
                                  "name": "string",
                                  "parameters": [
                                    "list",
                                    [
                                      "object",
                                      {
                                        "array": [
                                          "list",
                                          "string"
                                        ],
                                        "map": [
                                          "map",
                                          "string"
                                        ],
                                        "name": "string",
                                        "string": "string"
                                      }
                                    ]
                                  ]
                                }
                              ],
                              "ref": "string",
                              "repoURL": "string",
                              "targetRevision": "string"
                            }
                          ],
                          "sources": [
                            "tuple",
                            [
                              [
                                "object",
                                {
                                  "chart": "string",
                                  "directory": [
                                    "object",
                                    {
                                      "exclude": "string",
                                      "include": "string",
                                      "jsonnet": [
                                        "object",
                                        {
                                          "extVars": [
                                            "list",
                                            [
                                              "object",
                                              {
                                                "code": "bool",
                                                "name": "string",
                                                "value": "string"
                                              }
                                            ]
                                          ],
                                          "libs": [
                                            "list",
                                            "string"
                                          ],
                                          "tlas": [
                                            "list",
                                            [
                                              "object",
                                              {
                                                "code": "bool",
                                                "name": "string",
                                                "value": "string"
                                              }
                                            ]
                                          ]
                                        }
                                      ],
                                      "recurse": "bool"
                                    }
                                  ],
                                  "helm": [
                                    "object",
                                    {
                                      "fileParameters": [
                                        "list",
                                        [
                                          "object",
                                          {
                                            "name": "string",
                                            "path": "string"
                                          }
                                        ]
                                      ],
                                      "ignoreMissingValueFiles": "bool",
                                      "parameters": [
                                        "list",
                                        [
                                          "object",
                                          {
                                            "forceString": "bool",
                                            "name": "string",
                                            "value": "string"
                                          }
                                        ]
                                      ],
                                      "passCredentials": "bool",
                                      "releaseName": "string",
                                      "skipCrds": "bool",
                                      "valueFiles": [
                                        "list",
                                        "string"
                                      ],
                                      "values": "string",
                                      "valuesObject": "dynamic",
                                      "version": "string"
                                    }
                                  ],
                                  "kustomize": [
                                    "object",
                                    {
                                      "commonAnnotations": [
                                        "map",
                                        "string"
                                      ],
                                      "commonAnnotationsEnvsubst": "bool",
                                      "commonLabels": [
                                        "map",
                                        "string"
                                      ],
                                      "forceCommonAnnotations": "bool",
                                      "forceCommonLabels": "bool",
                                      "images": [
                                        "list",
                                        "string"
                                      ],
                                      "namePrefix": "string",
                                      "nameSuffix": "string",
                                      "namespace": "string",
                                      "patches": [
                                        "list",
                                        [
                                          "object",
                                          {
                                            "options": [
                                              "map",
                                              "bool"
                                            ],
                                            "patch": "string",
                                            "path": "string",
                                            "target": [
                                              "object",
                                              {
                                                "annotationSelector": "string",
                                                "group": "string",
                                                "kind": "string",
                                                "labelSelector": "string",
                                                "name": "string",
                                                "namespace": "string",
                                                "version": "string"
                                              }
                                            ]
                                          }
                                        ]
                                      ],
                                      "replicas": [
                                        "list",
                                        [
                                          "object",
                                          {
                                            "count": "string",
                                            "name": "string"
                                          }
                                        ]
                                      ],
                                      "version": "string"
                                    }
                                  ],
                                  "path": "string",
                                  "plugin": [
                                    "object",
                                    {
                                      "env": [
                                        "list",
                                        [
                                          "object",
                                          {
                                            "name": "string",
                                            "value": "string"
                                          }
                                        ]
                                      ],
                                      "name": "string",
                                      "parameters": [
                                        "list",
                                        [
                                          "object",
                                          {
                                            "array": [
                                              "list",
                                              "string"
                                            ],
                                            "map": [
                                              "map",
                                              "string"
                                            ],
                                            "name": "string",
                                            "string": "string"
                                          }
                                        ]
                                      ]
                                    }
                                  ],
                                  "ref": "string",
                                  "repoURL": "string",
                                  "targetRevision": "string"
                                }
                              ]
                            ]
                          ],
                          "syncOptions": [
                            "list",
                            "string"
                          ],
                          "syncStrategy": [
                            "object",
                            {
                              "apply": [
                                "object",
                                {
                                  "force": "bool"
                                }
                              ],
                              "hook": [
                                "object",
                                {
                                  "force": "bool"
                                }
                              ]
                            }
                          ]
                        }
                      ]
                    }
                  ],
                  "spec": [
                    "object",
                    {
                      "destination": [
                        "object",
                        {
                          "name": "string",
                          "namespace": "string",
                          "server": "string"
                        }
                      ],
                      "ignoreDifferences": [
                        "list",
                        [
                          "object",
                          {
                            "group": "string",
                            "jqPathExpressions": [
                              "list",
                              "string"
                            ],
                            "jsonPointers": [
                              "list",
                              "string"
                            ],
                            "kind": "string",
                            "managedFieldsManagers": [
                              "list",
                              "string"
                            ],
                            "name": "string",
                            "namespace": "string"
                          }
                        ]
                      ],
                      "info": [
                        "list",
                        [
                          "object",
                          {
                            "name": "string",
                            "value": "string"
                          }
                        ]
                      ],
                      "project": "string",
                      "revisionHistoryLimit": "number",
                      "source": [
                        "object",
                        {
                          "chart": "string",
                          "directory": [
                            "object",
                            {
                              "exclude": "string",
                              "include": "string",
                              "jsonnet": [
                                "object",
                                {
                                  "extVars": [
                                    "list",
                                    [
                                      "object",
                                      {
                                        "code": "bool",
                                        "name": "string",
                                        "value": "string"
                                      }
                                    ]
                                  ],
                                  "libs": [
                                    "list",
                                    "string"
                                  ],
                                  "tlas": [
                                    "list",
                                    [
                                      "object",
                                      {
                                        "code": "bool",
                                        "name": "string",
                                        "value": "string"
                                      }
                                    ]
                                  ]
                                }
                              ],
                              "recurse": "bool"
                            }
                          ],
                          "helm": [
                            "object",
                            {
                              "fileParameters": [
                                "list",
                                [
                                  "object",
                                  {
                                    "name": "string",
                                    "path": "string"
                                  }
                                ]
                              ],
                              "ignoreMissingValueFiles": "bool",
                              "parameters": [
                                "list",
                                [
                                  "object",
                                  {
                                    "forceString": "bool",
                                    "name": "string",
                                    "value": "string"
                                  }
                                ]
                              ],
                              "passCredentials": "bool",
                              "releaseName": "string",
                              "skipCrds": "bool",
                              "valueFiles": [
                                "list",
                                "string"
                              ],
                              "values": "string",
                              "valuesObject": "dynamic",
                              "version": "string"
                            }
                          ],
                          "kustomize": [
                            "object",
                            {
                              "commonAnnotations": [
                                "map",
                                "string"
                              ],
                              "commonAnnotationsEnvsubst": "bool",
                              "commonLabels": [
                                "map",
                                "string"
                              ],
                              "forceCommonAnnotations": "bool",
                              "forceCommonLabels": "bool",
                              "images": [
                                "list",
                                "string"
                              ],
                              "namePrefix": "string",
                              "nameSuffix": "string",
                              "namespace": "string",
                              "patches": [
                                "list",
                                [
                                  "object",
                                  {
                                    "options": [
                                      "map",
                                      "bool"
                                    ],
                                    "patch": "string",
                                    "path": "string",
                                    "target": [
                                      "object",
                                      {
                                        "annotationSelector": "string",
                                        "group": "string",
                                        "kind": "string",
                                        "labelSelector": "string",
                                        "name": "string",
                                        "namespace": "string",
                                        "version": "string"
                                      }
                                    ]
                                  }
                                ]
                              ],
                              "replicas": [
                                "list",
                                [
                                  "object",
                                  {
                                    "count": "string",
                                    "name": "string"
                                  }
                                ]
                              ],
                              "version": "string"
                            }
                          ],
                          "path": "string",
                          "plugin": [
                            "object",
                            {
                              "env": [
                                "list",
                                [
                                  "object",
                                  {
                                    "name": "string",
                                    "value": "string"
                                  }
                                ]
                              ],
                              "name": "string",
                              "parameters": [
                                "list",
                                [
                                  "object",
                                  {
                                    "array": [
                                      "list",
                                      "string"
                                    ],
                                    "map": [
                                      "map",
                                      "string"
                                    ],
                                    "name": "string",
                                    "string": "string"
                                  }
                                ]
                              ]
                            }
                          ],
                          "ref": "string",
                          "repoURL": "string",
                          "targetRevision": "string"
                        }
                      ],
                      "sources": [
                        "tuple",
                        [
                          [
                            "object",
                            {
                              "chart": "string",
                              "directory": [
                                "object",
                                {
                                  "exclude": "string",
                                  "include": "string",
                                  "jsonnet": [
                                    "object",
                                    {
                                      "extVars": [
                                        "list",
                                        [
                                          "object",
                                          {
                                            "code": "bool",
                                            "name": "string",
                                            "value": "string"
                                          }
                                        ]
                                      ],
                                      "libs": [
                                        "list",
                                        "string"
                                      ],
                                      "tlas": [
                                        "list",
                                        [
                                          "object",
                                          {
                                            "code": "bool",
                                            "name": "string",
                                            "value": "string"
                                          }
                                        ]
                                      ]
                                    }
                                  ],
                                  "recurse": "bool"
                                }
                              ],
                              "helm": [
                                "object",
                                {
                                  "fileParameters": [
                                    "list",
                                    [
                                      "object",
                                      {
                                        "name": "string",
                                        "path": "string"
                                      }
                                    ]
                                  ],
                                  "ignoreMissingValueFiles": "bool",
                                  "parameters": [
                                    "list",
                                    [
                                      "object",
                                      {
                                        "forceString": "bool",
                                        "name": "string",
                                        "value": "string"
                                      }
                                    ]
                                  ],
                                  "passCredentials": "bool",
                                  "releaseName": "string",
                                  "skipCrds": "bool",
                                  "valueFiles": [
                                    "list",
                                    "string"
                                  ],
                                  "values": "string",
                                  "valuesObject": "dynamic",
                                  "version": "string"
                                }
                              ],
                              "kustomize": [
                                "object",
                                {
                                  "commonAnnotations": [
                                    "map",
                                    "string"
                                  ],
                                  "commonAnnotationsEnvsubst": "bool",
                                  "commonLabels": [
                                    "map",
                                    "string"
                                  ],
                                  "forceCommonAnnotations": "bool",
                                  "forceCommonLabels": "bool",
                                  "images": [
                                    "list",
                                    "string"
                                  ],
                                  "namePrefix": "string",
                                  "nameSuffix": "string",
                                  "namespace": "string",
                                  "patches": [
                                    "list",
                                    [
                                      "object",
                                      {
                                        "options": [
                                          "map",
                                          "bool"
                                        ],
                                        "patch": "string",
                                        "path": "string",
                                        "target": [
                                          "object",
                                          {
                                            "annotationSelector": "string",
                                            "group": "string",
                                            "kind": "string",
                                            "labelSelector": "string",
                                            "name": "string",
                                            "namespace": "string",
                                            "version": "string"
                                          }
                                        ]
                                      }
                                    ]
                                  ],
                                  "replicas": [
                                    "list",
                                    [
                                      "object",
                                      {
                                        "count": "string",
                                        "name": "string"
                                      }
                                    ]
                                  ],
                                  "version": "string"
                                }
                              ],
                              "path": "string",
                              "plugin": [
                                "object",
                                {
                                  "env": [
                                    "list",
                                    [
                                      "object",
                                      {
                                        "name": "string",
                                        "value": "string"
                                      }
                                    ]
                                  ],
                                  "name": "string",
                                  "parameters": [
                                    "list",
                                    [
                                      "object",
                                      {
                                        "array": [
                                          "list",
                                          "string"
                                        ],
                                        "map": [
                                          "map",
                                          "string"
                                        ],
                                        "name": "string",
                                        "string": "string"
                                      }
                                    ]
                                  ]
                                }
                              ],
                              "ref": "string",
                              "repoURL": "string",
                              "targetRevision": "string"
                            }
                          ]
                        ]
                      ],
                      "syncPolicy": [
                        "object",
                        {
                          "automated": [
                            "object",
                            {
                              "allowEmpty": "bool",
                              "prune": "bool",
                              "selfHeal": "bool"
                            }
                          ],
                          "managedNamespaceMetadata": [
                            "object",
                            {
                              "annotations": [
                                "map",
                                "string"
                              ],
                              "labels": [
                                "map",
                                "string"
                              ]
                            }
                          ],
                          "retry": [
                            "object",
                            {
                              "backoff": [
                                "object",
                                {
                                  "duration": "string",
                                  "factor": "number",
                                  "maxDuration": "string"
                                }
                              ],
                              "limit": "number"
                            }
                          ],
                          "syncOptions": [
                            "list",
                            "string"
                          ]
                        }
                      ]
                    }
                  ]
                }
              ]
            },
            "timeouts": [],
            "wait": [],
            "wait_for": null
          },
          "sensitive_attributes": [],
          "identity_schema_version": 0,
          "dependencies": [
            "module.argocd.helm_release.argocd",
            "module.argocd.kubernetes_namespace.argocd",
            "module.argocd.null_resource.argocd_crds_ready"
          ]
        }
      ]
    },
    {
      "module": "module.argocd",
      "mode": "managed",
      "type": "kubernetes_namespace",
      "name": "argocd",
      "provider": "provider[\"registry.terraform.io/hashicorp/kubernetes\"]",
      "instances": [
        {
          "schema_version": 0,
          "attributes": {
            "id": "argocd",
            "metadata": [
              {
                "annotations": {},
                "generate_name": "",
                "generation": 0,
                "labels": {},
                "name": "argocd",
                "resource_version": "529",
                "uid": "6dc684d9-d490-48d1-9d71-db71bf6be430"
              }
            ],
            "timeouts": null,
            "wait_for_default_service_account": false
          },
          "sensitive_attributes": [],
          "identity_schema_version": 0,
          "private": "eyJlMmJmYjczMC1lY2FhLTExZTYtOGY4OC0zNDM2M2JjN2M0YzAiOnsiZGVsZXRlIjozMDAwMDAwMDAwMDB9fQ=="
        }
      ]
    },
    {
      "module": "module.argocd",
      "mode": "managed",
      "type": "null_resource",
      "name": "argocd_crds_ready",
      "provider": "provider[\"registry.terraform.io/hashicorp/null\"]",
      "instances": [
        {
          "schema_version": 0,
          "attributes": {
            "id": "5934014005096034786",
            "triggers": null
          },
          "sensitive_attributes": [],
          "identity_schema_version": 0,
          "dependencies": [
            "module.argocd.helm_release.argocd",
            "module.argocd.kubernetes_namespace.argocd"
          ]
        }
      ]
    },
    {
      "module": "module.fluxcd",
      "mode": "managed",
      "type": "helm_release",
      "name": "flux",
      "provider": "provider[\"registry.terraform.io/hashicorp/helm\"]",
      "instances": [
        {
          "schema_version": 2,
          "attributes": {
            "atomic": false,
            "chart": "flux2",
            "cleanup_on_fail": false,
            "create_namespace": false,
            "dependency_update": false,
            "description": null,
            "devel": null,
            "disable_crd_hooks": false,
            "disable_openapi_validation": false,
            "disable_webhooks": false,
            "force_update": false,
            "id": "flux2",
            "keyring": null,
            "lint": false,
            "manifest": null,
            "max_history": 0,
            "metadata": {
              "app_version": "2.1.2",
              "chart": "flux2",
              "first_deployed": 1751626667,
              "last_deployed": 1751626667,
              "name": "flux2",
              "namespace": "flux-system",
              "notes": "",
              "revision": 1,
              "values": "{\"installCRDs\":true}",
              "version": "2.11.1"
            },
            "name": "flux2",
            "namespace": "flux-system",
            "pass_credentials": false,
            "postrender": null,
            "recreate_pods": false,
            "render_subchart_notes": true,
            "replace": false,
            "repository": "https://fluxcd-community.github.io/helm-charts",
            "repository_ca_file": null,
            "repository_cert_file": null,
            "repository_key_file": null,
            "repository_password": null,
            "repository_username": null,
            "reset_values": false,
            "reuse_values": false,
            "set": [
              {
                "name": "installCRDs",
                "type": "",
                "value": "true"
              }
            ],
            "set_list": null,
            "set_sensitive": null,
            "set_wo": null,
            "set_wo_revision": null,
            "skip_crds": false,
            "status": "deployed",
            "timeout": 300,
            "values": null,
            "verify": false,
            "version": "2.11.1",
            "wait": true,
            "wait_for_jobs": false
          },
          "sensitive_attributes": [
            [
              {
                "type": "get_attr",
                "value": "repository_password"
              }
            ]
          ],
          "identity_schema_version": 0,
          "identity": {
            "namespace": "flux-system",
            "release_name": "flux2"
          },
          "dependencies": [
            "module.fluxcd.kubernetes_namespace.flux"
          ]
        }
      ]
    },
    {
      "module": "module.fluxcd",
      "mode": "managed",
      "type": "kubectl_manifest",
      "name": "flux_git_repository",
      "provider": "provider[\"registry.terraform.io/gavinbunney/kubectl\"]",
      "instances": [
        {
          "schema_version": 1,
          "attributes": {
            "api_version": "source.toolkit.fluxcd.io/v1",
            "apply_only": false,
            "force_conflicts": false,
            "force_new": false,
            "id": "/apis/source.toolkit.fluxcd.io/v1/namespaces/flux-system/gitrepositorys/local-repo",
            "ignore_fields": null,
            "kind": "GitRepository",
            "live_manifest_incluster": "5d4c52248df42e2e55d5d7881155d7ed3538e04c8efa8e5099379e841c877a72",
            "live_uid": "94d5a6f6-23e6-4345-bd18-f2f78aed411f",
            "name": "local-repo",
            "namespace": "flux-system",
            "override_namespace": null,
            "sensitive_fields": null,
            "server_side_apply": false,
            "timeouts": null,
            "uid": "94d5a6f6-23e6-4345-bd18-f2f78aed411f",
            "validate_schema": true,
            "wait": null,
            "wait_for_rollout": true,
            "yaml_body": "apiVersion: source.toolkit.fluxcd.io/v1\nkind: GitRepository\nmetadata:\n  name: local-repo\n  namespace: flux-system\nspec:\n  interval: 1m\n  url: https://github.com/justrunme/gitops-duel-argocd-vs-flux.git\n  ref:\n    branch: main\n",
            "yaml_body_parsed": "apiVersion: source.toolkit.fluxcd.io/v1\nkind: GitRepository\nmetadata:\n  name: local-repo\n  namespace: flux-system\nspec:\n  interval: 1m\n  ref:\n    branch: main\n  url: https://github.com/justrunme/gitops-duel-argocd-vs-flux.git\n",
            "yaml_incluster": "5d4c52248df42e2e55d5d7881155d7ed3538e04c8efa8e5099379e841c877a72"
          },
          "sensitive_attributes": [
            [
              {
                "type": "get_attr",
                "value": "live_manifest_incluster"
              }
            ],
            [
              {
                "type": "get_attr",
                "value": "yaml_body"
              }
            ],
            [
              {
                "type": "get_attr",
                "value": "yaml_incluster"
              }
            ]
          ],
          "identity_schema_version": 0,
          "private": "eyJlMmJmYjczMC1lY2FhLTExZTYtOGY4OC0zNDM2M2JjN2M0YzAiOnsiY3JlYXRlIjo2MDAwMDAwMDAwMDB9LCJzY2hlbWFfdmVyc2lvbiI6IjEifQ==",
          "dependencies": [
            "module.fluxcd.helm_release.flux",
            "module.fluxcd.kubernetes_namespace.flux"
          ]
        }
      ]
    },
    {
      "module": "module.fluxcd",
      "mode": "managed",
      "type": "kubectl_manifest",
      "name": "flux_kustomization",
      "provider": "provider[\"registry.terraform.io/gavinbunney/kubectl\"]",
      "instances": [
        {
          "schema_version": 1,
          "attributes": {
            "api_version": "kustomize.toolkit.fluxcd.io/v1",
            "apply_only": false,
            "force_conflicts": false,
            "force_new": false,
            "id": "/apis/kustomize.toolkit.fluxcd.io/v1/namespaces/flux-system/kustomizations/flux-nginx-app",
            "ignore_fields": null,
            "kind": "Kustomization",
            "live_manifest_incluster": "1fda9a80e399ba8ac5523b8f811923cff827574a2ca6828c63b2a89315ac9e2c",
            "live_uid": "1f07bd38-c886-4653-89af-ce795034b4b2",
            "name": "flux-nginx-app",
            "namespace": "flux-system",
            "override_namespace": null,
            "sensitive_fields": null,
            "server_side_apply": false,
            "timeouts": null,
            "uid": "1f07bd38-c886-4653-89af-ce795034b4b2",
            "validate_schema": true,
            "wait": null,
            "wait_for_rollout": true,
            "yaml_body": "apiVersion: kustomize.toolkit.fluxcd.io/v1\nkind: Kustomization\nmetadata:\n  name: flux-nginx-app\n  namespace: flux-system\nspec:\n  interval: 1m\n  path: \"./apps/flux/nginx\"\n  prune: true\n  targetNamespace: default\n  sourceRef:\n    kind: GitRepository\n    name: local-repo\n",
            "yaml_body_parsed": "apiVersion: kustomize.toolkit.fluxcd.io/v1\nkind: Kustomization\nmetadata:\n  name: flux-nginx-app\n  namespace: flux-system\nspec:\n  interval: 1m\n  path: ./apps/flux/nginx\n  prune: true\n  sourceRef:\n    kind: GitRepository\n    name: local-repo\n  targetNamespace: default\n",
            "yaml_incluster": "1fda9a80e399ba8ac5523b8f811923cff827574a2ca6828c63b2a89315ac9e2c"
          },
          "sensitive_attributes": [
            [
              {
                "type": "get_attr",
                "value": "live_manifest_incluster"
              }
            ],
            [
              {
                "type": "get_attr",
                "value": "yaml_body"
              }
            ],
            [
              {
                "type": "get_attr",
                "value": "yaml_incluster"
              }
            ]
          ],
          "identity_schema_version": 0,
          "private": "eyJlMmJmYjczMC1lY2FhLTExZTYtOGY4OC0zNDM2M2JjN2M0YzAiOnsiY3JlYXRlIjo2MDAwMDAwMDAwMDB9LCJzY2hlbWFfdmVyc2lvbiI6IjEifQ==",
          "dependencies": [
            "module.fluxcd.helm_release.flux",
            "module.fluxcd.kubectl_manifest.flux_git_repository",
            "module.fluxcd.kubernetes_namespace.flux"
          ]
        }
      ]
    },
    {
      "module": "module.fluxcd",
      "mode": "managed",
      "type": "kubernetes_namespace",
      "name": "flux",
      "provider": "provider[\"registry.terraform.io/hashicorp/kubernetes\"]",
      "instances": [
        {
          "schema_version": 0,
          "attributes": {
            "id": "flux-system",
            "metadata": [
              {
                "annotations": {},
                "generate_name": "",
                "generation": 0,
                "labels": {},
                "name": "flux-system",
                "resource_version": "530",
                "uid": "b6a92035-436f-4337-b9a3-04b6fc6ccb01"
              }
            ],
            "timeouts": null,
            "wait_for_default_service_account": false
          },
          "sensitive_attributes": [],
          "identity_schema_version": 0,
          "private": "eyJlMmJmYjczMC1lY2FhLTExZTYtOGY4OC0zNDM2M2JjN2M0YzAiOnsiZGVsZXRlIjozMDAwMDAwMDAwMDB9fQ=="
        }
      ]
    }
  ],
  "check_results": null
}
